<?xml version="1.0" encoding="utf-8"?>
<Project ToolsVersion="4.0" xmlns="http://schemas.microsoft.com/developer/msbuild/2003">
  <ItemGroup><Filter Include="Source Files"><UniqueIdentifier>{11C0C211-B2F5-4D9D-B660-AFF37A72211A}</UniqueIdentifier><Extensions>cpp;c;cc;rc</Extensions></Filter><Filter Include="Driver Files"><UniqueIdentifier>{35798711-45BE-4A8F-BE40-CC7348B15108}</UniqueIdentifier><Extensions>inf</Extensions></Filter></ItemGroup>
  <ItemGroup><ClCompile Include="Driver.cpp"><Filter>Source Files</Filter></ClCompile></ItemGroup>
  <ItemGroup><ResourceCompile Include="KDbgDriver.rc"><Filter>Source Files</Filter></ResourceCompile></ItemGroup>
  <ItemGroup><Inf Include="KDbgDriver.inf"><Filter>Driver Files</Filter></Inf></ItemGroup>
</Project>
